Microsoft Visual Studio Solution File, Format Version 12.00
# Visual Studio Version 16
VisualStudioVersion = 16.0.0.0
MinimumVisualStudioVersion = 16.0.0.0
Project("{9A19103F-16F7-4668-BE54-9A1E7A4F7556}") = "SalaReunioes.Web", "SalaReunioes.Web\SalaReunioes.Web.csproj", "{2FAB8A8E-C961-4C56-9773-AB661E2F21F5}"
EndProject
Project("{9A19103F-16F7-4668-BE54-9A1E7A4F7556}") = "SalaReunioes.Web.Client", "SalaReunioes.Web.Client\SalaReunioes.Web.Client.csproj", "{3A8B1204-DB56-4725-BAA2-69A944C13D4C}"
EndProject
Global
	GlobalSection(SolutionConfigurationPlatforms) = preSolution
		Debug|Any CPU = Debug|Any CPU
		Debug|x64 = Debug|x64
		Debug|x86 = Debug|x86
		Release|Any CPU = Release|Any CPU
		Release|x64 = Release|x64
		Release|x86 = Release|x86
	EndGlobalSection
	GlobalSection(ProjectConfigurationPlatforms) = postSolution
		{3A8B1204-DB56-4725-BAA2-69A944C13D4C}.Debug|Any CPU.ActiveCfg = Debug|Any CPU
		{3A8B1204-DB56-4725-BAA2-69A944C13D4C}.Debug|Any CPU.Build.0 = Debug|Any CPU
		{3A8B1204-DB56-4725-BAA2-69A944C13D4C}.Debug|x64.ActiveCfg = Debug|Any CPU
		{3A8B1204-DB56-4725-BAA2-69A944C13D4C}.Debug|x64.Build.0 = Debug|Any CPU
		{3A8B1204-DB56-4725-BAA2-69A944C13D4C}.Debug|x86.ActiveCfg = Debug|Any CPU
		{3A8B1204-DB56-4725-BAA2-69A944C13D4C}.Debug|x86.Build.0 = Debug|Any CPU
		{3A8B1204-DB56-4725-BAA2-69A944C13D4C}.Release|Any CPU.ActiveCfg = Release|Any CPU
		{3A8B1204-DB56-4725-BAA2-69A944C13D4C}.Release|Any CPU.Build.0 = Release|Any CPU
		{3A8B1204-DB56-4725-BAA2-69A944C13D4C}.Release|x64.ActiveCfg = Release|Any CPU
		{3A8B1204-DB56-4725-BAA2-69A944C13D4C}.Release|x64.Build.0 = Release|Any CPU
		{3A8B1204-DB56-4725-BAA2-69A944C13D4C}.Release|x86.ActiveCfg = Release|Any CPU
		{3A8B1204-DB56-4725-BAA2-69A944C13D4C}.Release|x86.Build.0 = Release|Any CPU
		{2FAB8A8E-C961-4C56-9773-AB661E2F21F5}.Debug|Any CPU.ActiveCfg = Debug|Any CPU
		{2FAB8A8E-C961-4C56-9773-AB661E2F21F5}.Debug|Any CPU.Build.0 = Debug|Any CPU
		{2FAB8A8E-C961-4C56-9773-AB661E2F21F5}.Debug|x64.ActiveCfg = Debug|Any CPU
		{2FAB8A8E-C961-4C56-9773-AB661E2F21F5}.Debug|x64.Build.0 = Debug|Any CPU
		{2FAB8A8E-C961-4C56-9773-AB661E2F21F5}.Debug|x86.ActiveCfg = Debug|Any CPU
		{2FAB8A8E-C961-4C56-9773-AB661E2F21F5}.Debug|x86.Build.0 = Debug|Any CPU
		{2FAB8A8E-C961-4C56-9773-AB661E2F21F5}.Release|Any CPU.ActiveCfg = Release|Any CPU
		{2FAB8A8E-C961-4C56-9773-AB661E2F21F5}.Release|Any CPU.Build.0 = Release|Any CPU
		{2FAB8A8E-C961-4C56-9773-AB661E2F21F5}.Release|x64.ActiveCfg = Release|Any CPU
		{2FAB8A8E-C961-4C56-9773-AB661E2F21F5}.Release|x64.Build.0 = Release|Any CPU
		{2FAB8A8E-C961-4C56-9773-AB661E2F21F5}.Release|x86.ActiveCfg = Release|Any CPU
		{2FAB8A8E-C961-4C56-9773-AB661E2F21F5}.Release|x86.Build.0 = Release|Any CPU
	EndGlobalSection
	GlobalSection(SolutionProperties) = preSolution
		HideSolutionNode = FALSE
	EndGlobalSection
	GlobalSection(ExtensibilityGlobals) = postSolution
		SolutionGuid = {0166E4FA-70D6-41E1-BEA9-6043556783D3}
	EndGlobalSection
EndGlobal
